
Microsoft Visual Studio Solution File, Format Version 12.00
# Visual Studio Version 16
VisualStudioVersion = 16.0.30711.63
MinimumVisualStudioVersion = 10.0.40219.1
Project("{FAE04EC0-301F-11D3-BF4B-00C04F79EFBC}") = "CourseMVC", "CourseMVC.csproj", "{5AB90A43-E8B2-4E6F-B970-2504B645BFD8}"
EndProject
Global
	GlobalSection(SolutionConfigurationPlatforms) = preSolution
		Debug|Any CPU = Debug|Any CPU
		Release|Any CPU = Release|Any CPU
	EndGlobalSection
	GlobalSection(ProjectConfigurationPlatforms) = postSolution
		{5AB90A43-E8B2-4E6F-B970-2504B645BFD8}.Debug|Any CPU.ActiveCfg = Debug|Any CPU
		{5AB90A43-E8B2-4E6F-B970-2504B645BFD8}.Debug|Any CPU.Build.0 = Debug|Any CPU
		{5AB90A43-E8B2-4E6F-B970-2504B645BFD8}.Release|Any CPU.ActiveCfg = Release|Any CPU
		{5AB90A43-E8B2-4E6F-B970-2504B645BFD8}.Release|Any CPU.Build.0 = Release|Any CPU
	EndGlobalSection
	GlobalSection(SolutionProperties) = preSolution
		HideSolutionNode = FALSE
	EndGlobalSection
	GlobalSection(ExtensibilityGlobals) = postSolution
		SolutionGuid = {5A2006E3-34DF-48A2-B17C-8A8FE27A5EEA}
	EndGlobalSection
EndGlobal
